{
  "name": "ecommerce",
  "lockfileVersion": 2,
  "requires": true,
  "packages": {
    "": {
      "dependencies": {
        "@ckeditor/ckeditor5-build-classic": "^38.1.1"
      }
    },
    "node_modules/@ckeditor/ckeditor5-adapter-ckfinder": {
      "version": "38.1.1",
      "resolved": "https://registry.npmjs.org/@ckeditor/ckeditor5-adapter-ckfinder/-/ckeditor5-adapter-ckfinder-38.1.1.tgz",
      "integrity": "sha512-TDv6xOkcXws0RmfkBJ6vfuH4vwj3mbI8S++9czLKrHmwp24jSrxiRwP1ZUlJSImy+/3sTjec4u8I5fq0HA2UOA==",
      "dependencies": {
        "ckeditor5": "38.1.1"
      },
      "engines": {
        "node": ">=16.0.0",
        "npm": ">=5.7.1"
      }
    },
    "node_modules/@ckeditor/ckeditor5-autoformat": {
      "version": "38.1.1",
      "resolved": "https://registry.npmjs.org/@ckeditor/ckeditor5-autoformat/-/ckeditor5-autoformat-38.1.1.tgz",
      "integrity": "sha512-Ppxxp0qprhENktpKv3lkVFchS9iZt0GbCVLPg8ffTb5dCAQgeXyC/TdR1b3zpbdjgSyai07OYgU59oTNUOwtog==",
      "dependencies": {
        "ckeditor5": "38.1.1"
      },
      "engines": {
        "node": ">=16.0.0",
        "npm": ">=5.7.1"
      }
    },
    "node_modules/@ckeditor/ckeditor5-basic-styles": {
      "version": "38.1.1",
      "resolved": "https://registry.npmjs.org/@ckeditor/ckeditor5-basic-styles/-/ckeditor5-basic-styles-38.1.1.tgz",
      "integrity": "sha512-+mky2W983jaSlYpvQ31af0ethMQxXUxuBkd2IzRi2cchvSK9YbQtBSkV0EM595uoJa1S3doyCJn7Y8bOdE+v3A==",
      "dependencies": {
        "ckeditor5": "38.1.1"
      },
      "engines": {
        "node": ">=16.0.0",
        "npm": ">=5.7.1"
      }
    },
    "node_modules/@ckeditor/ckeditor5-block-quote": {
      "version": "38.1.1",
      "resolved": "https://registry.npmjs.org/@ckeditor/ckeditor5-block-quote/-/ckeditor5-block-quote-38.1.1.tgz",
      "integrity": "sha512-YPSw+qTE71mvQTo5OA2M9oQp1jpUJrj1d15mbVE5DIyvc2CMWRltqV49GoM15ZpzgQWbaF3VZ8ZT0+vZlfS0lw==",
      "dependencies": {
        "ckeditor5": "38.1.1"
      },
      "engines": {
        "node": ">=16.0.0",
        "npm": ">=5.7.1"
      }
    },
    "node_modules/@ckeditor/ckeditor5-build-classic": {
      "version": "38.1.1",
      "resolved": "https://registry.npmjs.org/@ckeditor/ckeditor5-build-classic/-/ckeditor5-build-classic-38.1.1.tgz",
      "integrity": "sha512-TaVK+kVX2hMZD8imbfsQHKTiMo4seBkmZvu8KgNPn8tNarmJacO27EYmPmzL04KyctP2pv4rt2UTzPfuFZyqvg==",
      "dependencies": {
        "@ckeditor/ckeditor5-adapter-ckfinder": "38.1.1",
        "@ckeditor/ckeditor5-autoformat": "38.1.1",
        "@ckeditor/ckeditor5-basic-styles": "38.1.1",
        "@ckeditor/ckeditor5-block-quote": "38.1.1",
        "@ckeditor/ckeditor5-ckbox": "38.1.1",
        "@ckeditor/ckeditor5-ckfinder": "38.1.1",
        "@ckeditor/ckeditor5-cloud-services": "38.1.1",
        "@ckeditor/ckeditor5-easy-image": "38.1.1",
        "@ckeditor/ckeditor5-editor-classic": "38.1.1",
        "@ckeditor/ckeditor5-essentials": "38.1.1",
        "@ckeditor/ckeditor5-heading": "38.1.1",
        "@ckeditor/ckeditor5-image": "38.1.1",
        "@ckeditor/ckeditor5-indent": "38.1.1",
        "@ckeditor/ckeditor5-link": "38.1.1",
        "@ckeditor/ckeditor5-list": "38.1.1",
        "@ckeditor/ckeditor5-media-embed": "38.1.1",
        "@ckeditor/ckeditor5-paragraph": "38.1.1",
        "@ckeditor/ckeditor5-paste-from-office": "38.1.1",
        "@ckeditor/ckeditor5-table": "38.1.1",
        "@ckeditor/ckeditor5-typing": "38.1.1"
      },
      "engines": {
        "node": ">=16.0.0",
        "npm": ">=5.7.1"
      }
    },
    "node_modules/@ckeditor/ckeditor5-ckbox": {
      "version": "38.1.1",
      "resolved": "https://registry.npmjs.org/@ckeditor/ckeditor5-ckbox/-/ckeditor5-ckbox-38.1.1.tgz",
      "integrity": "sha512-+R3Vz2QL/K2pdWzOZpFtrLwFHefxQfDT99sYQSUZiOQaXA6rSoLT4x6lhIdrQRjsI/ofCIGseQxuTHc8t86urA==",
      "dependencies": {
        "ckeditor5": "38.1.1"
      },
      "engines": {
        "node": ">=16.0.0",
        "npm": ">=5.7.1"
      }
    },
    "node_modules/@ckeditor/ckeditor5-ckfinder": {
      "version": "38.1.1",
      "resolved": "https://registry.npmjs.org/@ckeditor/ckeditor5-ckfinder/-/ckeditor5-ckfinder-38.1.1.tgz",
      "integrity": "sha512-58139l/uKcMD6KZzd5uPzv8IwJYNnDFsT8N6DlecTZuh3ViKmg9t/pbRWu8epOboySwHeJoA3q12m2j05C1+JQ==",
      "dependencies": {
        "ckeditor5": "38.1.1"
      },
      "engines": {
        "node": ">=16.0.0",
        "npm": ">=5.7.1"
      }
    },
    "node_modules/@ckeditor/ckeditor5-clipboard": {
      "version": "38.1.1",
      "resolved": "https://registry.npmjs.org/@ckeditor/ckeditor5-clipboard/-/ckeditor5-clipboard-38.1.1.tgz",
      "integrity": "sha512-FN6QxWw0ZcoMsCkm6FuN2do//qjNGofnsFernKWJPbL2E056dvB4WmhYHa4fCvGASCROcJ17yUV7oYI+1ah/og==",
      "dependencies": {
        "@ckeditor/ckeditor5-core": "38.1.1",
        "@ckeditor/ckeditor5-engine": "38.1.1",
        "@ckeditor/ckeditor5-ui": "38.1.1",
        "@ckeditor/ckeditor5-utils": "38.1.1",
        "@ckeditor/ckeditor5-widget": "38.1.1",
        "lodash-es": "^4.17.15"
      },
      "engines": {
        "node": ">=16.0.0",
        "npm": ">=5.7.1"
      }
    },
    "node_modules/@ckeditor/ckeditor5-cloud-services": {
      "version": "38.1.1",
      "resolved": "https://registry.npmjs.org/@ckeditor/ckeditor5-cloud-services/-/ckeditor5-cloud-services-38.1.1.tgz",
      "integrity": "sha512-M4MykJmA9JqlZEDCJfcGwEKq6Y1AuDf8Kxbl0LfMZu6BKv74up+c0wSD/WX7isot3eqDdSQckVjHlJvmS31EOA==",
      "dependencies": {
        "ckeditor5": "38.1.1"
      },
      "engines": {
        "node": ">=16.0.0",
        "npm": ">=5.7.1"
      }
    },
    "node_modules/@ckeditor/ckeditor5-core": {
      "version": "38.1.1",
      "resolved": "https://registry.npmjs.org/@ckeditor/ckeditor5-core/-/ckeditor5-core-38.1.1.tgz",
      "integrity": "sha512-5yC+oSoCnjfOrvmECbwtu4zBt9S5dJfOYsAzfIGEbmD9DVGIyLBDKEjJ9IbAKAy1HG6CgAkZyv1YyEc5G5g3ew==",
      "dependencies": {
        "@ckeditor/ckeditor5-engine": "38.1.1",
        "@ckeditor/ckeditor5-utils": "38.1.1",
        "lodash-es": "^4.17.15"
      },
      "engines": {
        "node": ">=16.0.0",
        "npm": ">=5.7.1"
      }
    },
    "node_modules/@ckeditor/ckeditor5-easy-image": {
      "version": "38.1.1",
      "resolved": "https://registry.npmjs.org/@ckeditor/ckeditor5-easy-image/-/ckeditor5-easy-image-38.1.1.tgz",
      "integrity": "sha512-kusGv9hBkFNm3/ZSr69fgdJ3V94feL0oXQoRUsCTsv2usda6KOIY3D5XMK8vvBpa7+0gFan98AvX9KM5IvrMkQ==",
      "dependencies": {
        "ckeditor5": "38.1.1"
      },
      "engines": {
        "node": ">=16.0.0",
        "npm": ">=5.7.1"
      }
    },
    "node_modules/@ckeditor/ckeditor5-editor-classic": {
      "version": "38.1.1",
      "resolved": "https://registry.npmjs.org/@ckeditor/ckeditor5-editor-classic/-/ckeditor5-editor-classic-38.1.1.tgz",
      "integrity": "sha512-LSh60tSuR8pGnLswy+Smx7x0NtFjbVX2dGiEkMyh4O0JLok/YgS3IU6UmoEd9FTjGqnOZ3644h3SpkSu84uDYA==",
      "dependencies": {
        "ckeditor5": "38.1.1",
        "lodash-es": "^4.17.15"
      },
      "engines": {
        "node": ">=16.0.0",
        "npm": ">=5.7.1"
      }
    },
    "node_modules/@ckeditor/ckeditor5-engine": {
      "version": "38.1.1",
      "resolved": "https://registry.npmjs.org/@ckeditor/ckeditor5-engine/-/ckeditor5-engine-38.1.1.tgz",
      "integrity": "sha512-Z0LYg7B4vN3ZNUf3utmBRXQBn3JNy81Xs+45sQ09Fpf5p6aKer37vxEA315O17PnWYndildeKNRUNdjI942HcQ==",
      "dependencies": {
        "@ckeditor/ckeditor5-utils": "38.1.1",
        "lodash-es": "^4.17.15"
      },
      "engines": {
        "node": ">=16.0.0",
        "npm": ">=5.7.1"
      }
    },
    "node_modules/@ckeditor/ckeditor5-enter": {
      "version": "38.1.1",
      "resolved": "https://registry.npmjs.org/@ckeditor/ckeditor5-enter/-/ckeditor5-enter-38.1.1.tgz",
      "integrity": "sha512-jzlTvyBwBw4TLr03NXwVeZD87pOSjisx8WCEahWM8Rxrw77k+7rg3blAWmmpw9cHUp2WkpxCztfvQtQouT9Jpw==",
      "dependencies": {
        "@ckeditor/ckeditor5-core": "38.1.1",
        "@ckeditor/ckeditor5-engine": "38.1.1",
        "@ckeditor/ckeditor5-utils": "38.1.1"
      },
      "engines": {
        "node": ">=16.0.0",
        "npm": ">=5.7.1"
      }
    },
    "node_modules/@ckeditor/ckeditor5-essentials": {
      "version": "38.1.1",
      "resolved": "https://registry.npmjs.org/@ckeditor/ckeditor5-essentials/-/ckeditor5-essentials-38.1.1.tgz",
      "integrity": "sha512-8Upvcjqny39pEZM5JbdyM8MESGjC6IkAJpjvqEFkbZsFcFzXjPolbxPReI3Xbl74XaMGYpwfraTv7ozkCxD7eA==",
      "dependencies": {
        "ckeditor5": "38.1.1"
      },
      "engines": {
        "node": ">=16.0.0",
        "npm": ">=5.7.1"
      }
    },
    "node_modules/@ckeditor/ckeditor5-heading": {
      "version": "38.1.1",
      "resolved": "https://registry.npmjs.org/@ckeditor/ckeditor5-heading/-/ckeditor5-heading-38.1.1.tgz",
      "integrity": "sha512-uEh62XWpw5uIpaslJfn8YZ+9DfViCRR5auAz5SdiYDY+tdLjwKS308S1um5i5G/CLjp1M3uXlvDieOopit9nYg==",
      "dependencies": {
        "ckeditor5": "38.1.1"
      },
      "engines": {
        "node": ">=16.0.0",
        "npm": ">=5.7.1"
      }
    },
    "node_modules/@ckeditor/ckeditor5-image": {
      "version": "38.1.1",
      "resolved": "https://registry.npmjs.org/@ckeditor/ckeditor5-image/-/ckeditor5-image-38.1.1.tgz",
      "integrity": "sha512-iXUlw38Eoo5zwj3h9eKULenEDPYoohPLT/74UDYw1V7Q3QY3dN4fCovcWwQx7VFPMPFUtd5T1S/ki/3UpLQhSA==",
      "dependencies": {
        "@ckeditor/ckeditor5-ui": "38.1.1",
        "ckeditor5": "38.1.1",
        "lodash-es": "^4.17.15"
      },
      "engines": {
        "node": ">=16.0.0",
        "npm": ">=5.7.1"
      }
    },
    "node_modules/@ckeditor/ckeditor5-indent": {
      "version": "38.1.1",
      "resolved": "https://registry.npmjs.org/@ckeditor/ckeditor5-indent/-/ckeditor5-indent-38.1.1.tgz",
      "integrity": "sha512-Wr0lAiTVGVAD4N/4zqFSGdO40uZEUdVaPFBNzRz2XeohLlMiu5poaWQkEmwtShyl8CFG5MYIayw0JBDw7uHPbA==",
      "dependencies": {
        "ckeditor5": "38.1.1"
      },
      "engines": {
        "node": ">=16.0.0",
        "npm": ">=5.7.1"
      }
    },
    "node_modules/@ckeditor/ckeditor5-link": {
      "version": "38.1.1",
      "resolved": "https://registry.npmjs.org/@ckeditor/ckeditor5-link/-/ckeditor5-link-38.1.1.tgz",
      "integrity": "sha512-CMIPPaUIOvVPW/gIEmcZ00bYbQyy3/YenxPrzmdMkYjDWoPqfhDnn4FTrgEBYyWRXTNXXrS7D08VGeGCDOyYPA==",
      "dependencies": {
        "@ckeditor/ckeditor5-ui": "38.1.1",
        "ckeditor5": "38.1.1",
        "lodash-es": "^4.17.15"
      },
      "engines": {
        "node": ">=16.0.0",
        "npm": ">=5.7.1"
      }
    },
    "node_modules/@ckeditor/ckeditor5-list": {
      "version": "38.1.1",
      "resolved": "https://registry.npmjs.org/@ckeditor/ckeditor5-list/-/ckeditor5-list-38.1.1.tgz",
      "integrity": "sha512-FzBdAZWaBXjUYmtd7fDzIJ4evXM6n1RbNYG7ICzoviarlKL99mv/wLEkEvNDH0japdu/G11JtV36tRtBCzwoDQ==",
      "dependencies": {
        "@ckeditor/ckeditor5-ui": "38.1.1",
        "ckeditor5": "38.1.1"
      },
      "engines": {
        "node": ">=16.0.0",
        "npm": ">=5.7.1"
      }
    },
    "node_modules/@ckeditor/ckeditor5-media-embed": {
      "version": "38.1.1",
      "resolved": "https://registry.npmjs.org/@ckeditor/ckeditor5-media-embed/-/ckeditor5-media-embed-38.1.1.tgz",
      "integrity": "sha512-jWZUsJNRwVBfeTroSHcssEijCmNLgs2pJwKzJTcltyJr44se2V2kTEieCT3r0qpQvbdyw90n+MfrrlWb+S1bnQ==",
      "dependencies": {
        "@ckeditor/ckeditor5-ui": "38.1.1",
        "ckeditor5": "38.1.1"
      },
      "engines": {
        "node": ">=16.0.0",
        "npm": ">=5.7.1"
      }
    },
    "node_modules/@ckeditor/ckeditor5-paragraph": {
      "version": "38.1.1",
      "resolved": "https://registry.npmjs.org/@ckeditor/ckeditor5-paragraph/-/ckeditor5-paragraph-38.1.1.tgz",
      "integrity": "sha512-IsiCDTMK5s9T1QWwiLW90VFKsNfsTUlYy8tnr/sH5t2QFP8LOkF2ZL2igb/BqyuROrGVvS8At+BTnlH3hqAW/Q==",
      "dependencies": {
        "@ckeditor/ckeditor5-core": "38.1.1",
        "@ckeditor/ckeditor5-ui": "38.1.1",
        "@ckeditor/ckeditor5-utils": "38.1.1"
      },
      "engines": {
        "node": ">=16.0.0",
        "npm": ">=5.7.1"
      }
    },
    "node_modules/@ckeditor/ckeditor5-paste-from-office": {
      "version": "38.1.1",
      "resolved": "https://registry.npmjs.org/@ckeditor/ckeditor5-paste-from-office/-/ckeditor5-paste-from-office-38.1.1.tgz",
      "integrity": "sha512-xCAw3HwxfFgsZPINf6jb29MObDN2wDzZFpiMkChdjzmHqaCugd2SAssZQo/flxdy5fkMXju8gCa0bfM2g1HTkQ==",
      "dependencies": {
        "ckeditor5": "38.1.1"
      },
      "engines": {
        "node": ">=16.0.0",
        "npm": ">=5.7.1"
      }
    },
    "node_modules/@ckeditor/ckeditor5-select-all": {
      "version": "38.1.1",
      "resolved": "https://registry.npmjs.org/@ckeditor/ckeditor5-select-all/-/ckeditor5-select-all-38.1.1.tgz",
      "integrity": "sha512-e/JUdGsBkf902rG0g+6ii/QhDP+LFV2W9bxhrGppLahzPX09NT5BCJh2/bTtUPw0cIRpk49ji7hNBzDjCKqctQ==",
      "dependencies": {
        "@ckeditor/ckeditor5-core": "38.1.1",
        "@ckeditor/ckeditor5-ui": "38.1.1",
        "@ckeditor/ckeditor5-utils": "38.1.1"
      },
      "engines": {
        "node": ">=16.0.0",
        "npm": ">=5.7.1"
      }
    },
    "node_modules/@ckeditor/ckeditor5-table": {
      "version": "38.1.1",
      "resolved": "https://registry.npmjs.org/@ckeditor/ckeditor5-table/-/ckeditor5-table-38.1.1.tgz",
      "integrity": "sha512-QOTc+Re3K5mY6GHC2vmglNb8k5D49cCjVlO2ORvr3Pk/Nepmk6asW3NoSfox8YJZSAfJyloD+t56FagZSokP+g==",
      "dependencies": {
        "ckeditor5": "38.1.1",
        "lodash-es": "^4.17.15"
      },
      "engines": {
        "node": ">=16.0.0",
        "npm": ">=5.7.1"
      }
    },
    "node_modules/@ckeditor/ckeditor5-typing": {
      "version": "38.1.1",
      "resolved": "https://registry.npmjs.org/@ckeditor/ckeditor5-typing/-/ckeditor5-typing-38.1.1.tgz",
      "integrity": "sha512-KU0wF1ueWFwK3BnkGB2v2vpjISgwmC0OxpPM0RLHCDG5iSvIkPbu1tUj9rbxRx45JM6xgpTP1C9kEFSm5w5MoQ==",
      "dependencies": {
        "@ckeditor/ckeditor5-core": "38.1.1",
        "@ckeditor/ckeditor5-engine": "38.1.1",
        "@ckeditor/ckeditor5-utils": "38.1.1",
        "lodash-es": "^4.17.15"
      },
      "engines": {
        "node": ">=16.0.0",
        "npm": ">=5.7.1"
      }
    },
    "node_modules/@ckeditor/ckeditor5-ui": {
      "version": "38.1.1",
      "resolved": "https://registry.npmjs.org/@ckeditor/ckeditor5-ui/-/ckeditor5-ui-38.1.1.tgz",
      "integrity": "sha512-lTqOaciupH66Zz7BSRGOm5DyjLURJwmFfZyCYCKD6+ZbTsxcP1asdiUm8y3bOx2maRCZTrHMhuAANp3qFWXoLQ==",
      "dependencies": {
        "@ckeditor/ckeditor5-core": "38.1.1",
        "@ckeditor/ckeditor5-utils": "38.1.1",
        "color-convert": "2.0.1",
        "color-parse": "1.4.2",
        "lodash-es": "^4.17.15",
        "vanilla-colorful": "0.7.2"
      },
      "engines": {
        "node": ">=16.0.0",
        "npm": ">=5.7.1"
      }
    },
    "node_modules/@ckeditor/ckeditor5-undo": {
      "version": "38.1.1",
      "resolved": "https://registry.npmjs.org/@ckeditor/ckeditor5-undo/-/ckeditor5-undo-38.1.1.tgz",
      "integrity": "sha512-21XCRb4XKYrK2bAkNTbOUb3Cmbu4FB11cqG3ncIg2rWSHSJJOijMdvZpZBvNpXVEsvJgA2Ol7bCiSXgdVUR/yQ==",
      "dependencies": {
        "@ckeditor/ckeditor5-core": "38.1.1",
        "@ckeditor/ckeditor5-engine": "38.1.1",
        "@ckeditor/ckeditor5-ui": "38.1.1"
      },
      "engines": {
        "node": ">=16.0.0",
        "npm": ">=5.7.1"
      }
    },
    "node_modules/@ckeditor/ckeditor5-upload": {
      "version": "38.1.1",
      "resolved": "https://registry.npmjs.org/@ckeditor/ckeditor5-upload/-/ckeditor5-upload-38.1.1.tgz",
      "integrity": "sha512-c7zau/N4cGJKpNPoRj0QEAQKOiIQzrSK2UCG0JsPtfF9jzTWa5fIJ/6hSHquwjtnhkB7zAL0PKXwcTNpdlyibA==",
      "dependencies": {
        "@ckeditor/ckeditor5-core": "38.1.1",
        "@ckeditor/ckeditor5-ui": "38.1.1",
        "@ckeditor/ckeditor5-utils": "38.1.1"
      },
      "engines": {
        "node": ">=16.0.0",
        "npm": ">=5.7.1"
      }
    },
    "node_modules/@ckeditor/ckeditor5-utils": {
      "version": "38.1.1",
      "resolved": "https://registry.npmjs.org/@ckeditor/ckeditor5-utils/-/ckeditor5-utils-38.1.1.tgz",
      "integrity": "sha512-+dSCchr8sseqWSfCuuOk5uajCo2Tr71IXmn3EGalEHE6Fc1GjWElO90GAA4Pbezrt1zG1tDqhh+bZHULAcK8wQ==",
      "dependencies": {
        "lodash-es": "^4.17.15"
      },
      "engines": {
        "node": ">=16.0.0",
        "npm": ">=5.7.1"
      }
    },
    "node_modules/@ckeditor/ckeditor5-watchdog": {
      "version": "38.1.1",
      "resolved": "https://registry.npmjs.org/@ckeditor/ckeditor5-watchdog/-/ckeditor5-watchdog-38.1.1.tgz",
      "integrity": "sha512-NijdWJsl+vnzdtyhI0u0Ln2TEVaSLa2VEHyB7J1r57cUN9Bq5tqRH4/BhvvqGKGc9lkpbvcSFduH2c6StHm0rw==",
      "dependencies": {
        "lodash-es": "^4.17.15"
      },
      "engines": {
        "node": ">=16.0.0",
        "npm": ">=5.7.1"
      }
    },
    "node_modules/@ckeditor/ckeditor5-widget": {
      "version": "38.1.1",
      "resolved": "https://registry.npmjs.org/@ckeditor/ckeditor5-widget/-/ckeditor5-widget-38.1.1.tgz",
      "integrity": "sha512-WAQhYBRfpu5jhV7Subc8pVkHYFCgXyJ65bQg5Jn8Em86lySejXQEi/GowjKwkwzlSrceqDrELEJV9jcCaUZlaA==",
      "dependencies": {
        "@ckeditor/ckeditor5-core": "38.1.1",
        "@ckeditor/ckeditor5-engine": "38.1.1",
        "@ckeditor/ckeditor5-enter": "38.1.1",
        "@ckeditor/ckeditor5-typing": "38.1.1",
        "@ckeditor/ckeditor5-ui": "38.1.1",
        "@ckeditor/ckeditor5-utils": "38.1.1",
        "lodash-es": "^4.17.15"
      },
      "engines": {
        "node": ">=16.0.0",
        "npm": ">=5.7.1"
      }
    },
    "node_modules/ckeditor5": {
      "version": "38.1.1",
      "resolved": "https://registry.npmjs.org/ckeditor5/-/ckeditor5-38.1.1.tgz",
      "integrity": "sha512-KE6H2WGLlhlI4F//AZn+fv52DhbwAeVv+ZeSIsa5gC81/3ZCzuYc3+IMur/70IBE9Gze8gKwFP9elh/TIaQ5Hw==",
      "dependencies": {
        "@ckeditor/ckeditor5-clipboard": "38.1.1",
        "@ckeditor/ckeditor5-core": "38.1.1",
        "@ckeditor/ckeditor5-engine": "38.1.1",
        "@ckeditor/ckeditor5-enter": "38.1.1",
        "@ckeditor/ckeditor5-paragraph": "38.1.1",
        "@ckeditor/ckeditor5-select-all": "38.1.1",
        "@ckeditor/ckeditor5-typing": "38.1.1",
        "@ckeditor/ckeditor5-ui": "38.1.1",
        "@ckeditor/ckeditor5-undo": "38.1.1",
        "@ckeditor/ckeditor5-upload": "38.1.1",
        "@ckeditor/ckeditor5-utils": "38.1.1",
        "@ckeditor/ckeditor5-watchdog": "38.1.1",
        "@ckeditor/ckeditor5-widget": "38.1.1"
      },
      "engines": {
        "node": ">=16.0.0",
        "npm": ">=5.7.1"
      }
    },
    "node_modules/color-convert": {
      "version": "2.0.1",
      "resolved": "https://registry.npmjs.org/color-convert/-/color-convert-2.0.1.tgz",
      "integrity": "sha512-RRECPsj7iu/xb5oKYcsFHSppFNnsj/52OVTRKb4zP5onXwVF3zVmmToNcOfGC+CRDpfK/U584fMg38ZHCaElKQ==",
      "dependencies": {
        "color-name": "~1.1.4"
      },
      "engines": {
        "node": ">=7.0.0"
      }
    },
    "node_modules/color-name": {
      "version": "1.1.4",
      "resolved": "https://registry.npmjs.org/color-name/-/color-name-1.1.4.tgz",
      "integrity": "sha512-dOy+3AuW3a2wNbZHIuMZpTcgjGuLU/uBL/ubcZF9OXbDo8ff4O8yVp5Bf0efS8uEoYo5q4Fx7dY9OgQGXgAsQA=="
    },
    "node_modules/color-parse": {
      "version": "1.4.2",
      "resolved": "https://registry.npmjs.org/color-parse/-/color-parse-1.4.2.tgz",
      "integrity": "sha512-RI7s49/8yqDj3fECFZjUI1Yi0z/Gq1py43oNJivAIIDSyJiOZLfYCRQEgn8HEVAj++PcRe8AnL2XF0fRJ3BTnA==",
      "dependencies": {
        "color-name": "^1.0.0"
      }
    },
    "node_modules/lodash-es": {
      "version": "4.17.21",
      "resolved": "https://registry.npmjs.org/lodash-es/-/lodash-es-4.17.21.tgz",
      "integrity": "sha512-mKnC+QJ9pWVzv+C4/U3rRsHapFfHvQFoFB92e52xeyGMcX6/OlIl78je1u8vePzYZSkkogMPJ2yjxxsb89cxyw=="
    },
    "node_modules/vanilla-colorful": {
      "version": "0.7.2",
      "resolved": "https://registry.npmjs.org/vanilla-colorful/-/vanilla-colorful-0.7.2.tgz",
      "integrity": "sha512-z2YZusTFC6KnLERx1cgoIRX2CjPRP0W75N+3CC6gbvdX5Ch47rZkEMGO2Xnf+IEmi3RiFLxS18gayMA27iU7Kg=="
    }
  },
  "dependencies": {
    "@ckeditor/ckeditor5-adapter-ckfinder": {
      "version": "38.1.1",
      "resolved": "https://registry.npmjs.org/@ckeditor/ckeditor5-adapter-ckfinder/-/ckeditor5-adapter-ckfinder-38.1.1.tgz",
      "integrity": "sha512-TDv6xOkcXws0RmfkBJ6vfuH4vwj3mbI8S++9czLKrHmwp24jSrxiRwP1ZUlJSImy+/3sTjec4u8I5fq0HA2UOA==",
      "requires": {
        "ckeditor5": "38.1.1"
      }
    },
    "@ckeditor/ckeditor5-autoformat": {
      "version": "38.1.1",
      "resolved": "https://registry.npmjs.org/@ckeditor/ckeditor5-autoformat/-/ckeditor5-autoformat-38.1.1.tgz",
      "integrity": "sha512-Ppxxp0qprhENktpKv3lkVFchS9iZt0GbCVLPg8ffTb5dCAQgeXyC/TdR1b3zpbdjgSyai07OYgU59oTNUOwtog==",
      "requires": {
        "ckeditor5": "38.1.1"
      }
    },
    "@ckeditor/ckeditor5-basic-styles": {
      "version": "38.1.1",
      "resolved": "https://registry.npmjs.org/@ckeditor/ckeditor5-basic-styles/-/ckeditor5-basic-styles-38.1.1.tgz",
      "integrity": "sha512-+mky2W983jaSlYpvQ31af0ethMQxXUxuBkd2IzRi2cchvSK9YbQtBSkV0EM595uoJa1S3doyCJn7Y8bOdE+v3A==",
      "requires": {
        "ckeditor5": "38.1.1"
      }
    },
    "@ckeditor/ckeditor5-block-quote": {
      "version": "38.1.1",
      "resolved": "https://registry.npmjs.org/@ckeditor/ckeditor5-block-quote/-/ckeditor5-block-quote-38.1.1.tgz",
      "integrity": "sha512-YPSw+qTE71mvQTo5OA2M9oQp1jpUJrj1d15mbVE5DIyvc2CMWRltqV49GoM15ZpzgQWbaF3VZ8ZT0+vZlfS0lw==",
      "requires": {
        "ckeditor5": "38.1.1"
      }
    },
    "@ckeditor/ckeditor5-build-classic": {
      "version": "38.1.1",
      "resolved": "https://registry.npmjs.org/@ckeditor/ckeditor5-build-classic/-/ckeditor5-build-classic-38.1.1.tgz",
      "integrity": "sha512-TaVK+kVX2hMZD8imbfsQHKTiMo4seBkmZvu8KgNPn8tNarmJacO27EYmPmzL04KyctP2pv4rt2UTzPfuFZyqvg==",
      "requires": {
        "@ckeditor/ckeditor5-adapter-ckfinder": "38.1.1",
        "@ckeditor/ckeditor5-autoformat": "38.1.1",
        "@ckeditor/ckeditor5-basic-styles": "38.1.1",
        "@ckeditor/ckeditor5-block-quote": "38.1.1",
        "@ckeditor/ckeditor5-ckbox": "38.1.1",
        "@ckeditor/ckeditor5-ckfinder": "38.1.1",
        "@ckeditor/ckeditor5-cloud-services": "38.1.1",
        "@ckeditor/ckeditor5-easy-image": "38.1.1",
        "@ckeditor/ckeditor5-editor-classic": "38.1.1",
        "@ckeditor/ckeditor5-essentials": "38.1.1",
        "@ckeditor/ckeditor5-heading": "38.1.1",
        "@ckeditor/ckeditor5-image": "38.1.1",
        "@ckeditor/ckeditor5-indent": "38.1.1",
        "@ckeditor/ckeditor5-link": "38.1.1",
        "@ckeditor/ckeditor5-list": "38.1.1",
        "@ckeditor/ckeditor5-media-embed": "38.1.1",
        "@ckeditor/ckeditor5-paragraph": "38.1.1",
        "@ckeditor/ckeditor5-paste-from-office": "38.1.1",
        "@ckeditor/ckeditor5-table": "38.1.1",
        "@ckeditor/ckeditor5-typing": "38.1.1"
      }
    },
    "@ckeditor/ckeditor5-ckbox": {
      "version": "38.1.1",
      "resolved": "https://registry.npmjs.org/@ckeditor/ckeditor5-ckbox/-/ckeditor5-ckbox-38.1.1.tgz",
      "integrity": "sha512-+R3Vz2QL/K2pdWzOZpFtrLwFHefxQfDT99sYQSUZiOQaXA6rSoLT4x6lhIdrQRjsI/ofCIGseQxuTHc8t86urA==",
      "requires": {
        "ckeditor5": "38.1.1"
      }
    },
    "@ckeditor/ckeditor5-ckfinder": {
      "version": "38.1.1",
      "resolved": "https://registry.npmjs.org/@ckeditor/ckeditor5-ckfinder/-/ckeditor5-ckfinder-38.1.1.tgz",
      "integrity": "sha512-58139l/uKcMD6KZzd5uPzv8IwJYNnDFsT8N6DlecTZuh3ViKmg9t/pbRWu8epOboySwHeJoA3q12m2j05C1+JQ==",
      "requires": {
        "ckeditor5": "38.1.1"
      }
    },
    "@ckeditor/ckeditor5-clipboard": {
      "version": "38.1.1",
      "resolved": "https://registry.npmjs.org/@ckeditor/ckeditor5-clipboard/-/ckeditor5-clipboard-38.1.1.tgz",
      "integrity": "sha512-FN6QxWw0ZcoMsCkm6FuN2do//qjNGofnsFernKWJPbL2E056dvB4WmhYHa4fCvGASCROcJ17yUV7oYI+1ah/og==",
      "requires": {
        "@ckeditor/ckeditor5-core": "38.1.1",
        "@ckeditor/ckeditor5-engine": "38.1.1",
        "@ckeditor/ckeditor5-ui": "38.1.1",
        "@ckeditor/ckeditor5-utils": "38.1.1",
        "@ckeditor/ckeditor5-widget": "38.1.1",
        "lodash-es": "^4.17.15"
      }
    },
    "@ckeditor/ckeditor5-cloud-services": {
      "version": "38.1.1",
      "resolved": "https://registry.npmjs.org/@ckeditor/ckeditor5-cloud-services/-/ckeditor5-cloud-services-38.1.1.tgz",
      "integrity": "sha512-M4MykJmA9JqlZEDCJfcGwEKq6Y1AuDf8Kxbl0LfMZu6BKv74up+c0wSD/WX7isot3eqDdSQckVjHlJvmS31EOA==",
      "requires": {
        "ckeditor5": "38.1.1"
      }
    },
    "@ckeditor/ckeditor5-core": {
      "version": "38.1.1",
      "resolved": "https://registry.npmjs.org/@ckeditor/ckeditor5-core/-/ckeditor5-core-38.1.1.tgz",
      "integrity": "sha512-5yC+oSoCnjfOrvmECbwtu4zBt9S5dJfOYsAzfIGEbmD9DVGIyLBDKEjJ9IbAKAy1HG6CgAkZyv1YyEc5G5g3ew==",
      "requires": {
        "@ckeditor/ckeditor5-engine": "38.1.1",
        "@ckeditor/ckeditor5-utils": "38.1.1",
        "lodash-es": "^4.17.15"
      }
    },
    "@ckeditor/ckeditor5-easy-image": {
      "version": "38.1.1",
      "resolved": "https://registry.npmjs.org/@ckeditor/ckeditor5-easy-image/-/ckeditor5-easy-image-38.1.1.tgz",
      "integrity": "sha512-kusGv9hBkFNm3/ZSr69fgdJ3V94feL0oXQoRUsCTsv2usda6KOIY3D5XMK8vvBpa7+0gFan98AvX9KM5IvrMkQ==",
      "requires": {
        "ckeditor5": "38.1.1"
      }
    },
    "@ckeditor/ckeditor5-editor-classic": {
      "version": "38.1.1",
      "resolved": "https://registry.npmjs.org/@ckeditor/ckeditor5-editor-classic/-/ckeditor5-editor-classic-38.1.1.tgz",
      "integrity": "sha512-LSh60tSuR8pGnLswy+Smx7x0NtFjbVX2dGiEkMyh4O0JLok/YgS3IU6UmoEd9FTjGqnOZ3644h3SpkSu84uDYA==",
      "requires": {
        "ckeditor5": "38.1.1",
        "lodash-es": "^4.17.15"
      }
    },
    "@ckeditor/ckeditor5-engine": {
      "version": "38.1.1",
      "resolved": "https://registry.npmjs.org/@ckeditor/ckeditor5-engine/-/ckeditor5-engine-38.1.1.tgz",
      "integrity": "sha512-Z0LYg7B4vN3ZNUf3utmBRXQBn3JNy81Xs+45sQ09Fpf5p6aKer37vxEA315O17PnWYndildeKNRUNdjI942HcQ==",
      "requires": {
        "@ckeditor/ckeditor5-utils": "38.1.1",
        "lodash-es": "^4.17.15"
      }
    },
    "@ckeditor/ckeditor5-enter": {
      "version": "38.1.1",
      "resolved": "https://registry.npmjs.org/@ckeditor/ckeditor5-enter/-/ckeditor5-enter-38.1.1.tgz",
      "integrity": "sha512-jzlTvyBwBw4TLr03NXwVeZD87pOSjisx8WCEahWM8Rxrw77k+7rg3blAWmmpw9cHUp2WkpxCztfvQtQouT9Jpw==",
      "requires": {
        "@ckeditor/ckeditor5-core": "38.1.1",
        "@ckeditor/ckeditor5-engine": "38.1.1",
        "@ckeditor/ckeditor5-utils": "38.1.1"
      }
    },
    "@ckeditor/ckeditor5-essentials": {
      "version": "38.1.1",
      "resolved": "https://registry.npmjs.org/@ckeditor/ckeditor5-essentials/-/ckeditor5-essentials-38.1.1.tgz",
      "integrity": "sha512-8Upvcjqny39pEZM5JbdyM8MESGjC6IkAJpjvqEFkbZsFcFzXjPolbxPReI3Xbl74XaMGYpwfraTv7ozkCxD7eA==",
      "requires": {
        "ckeditor5": "38.1.1"
      }
    },
    "@ckeditor/ckeditor5-heading": {
      "version": "38.1.1",
      "resolved": "https://registry.npmjs.org/@ckeditor/ckeditor5-heading/-/ckeditor5-heading-38.1.1.tgz",
      "integrity": "sha512-uEh62XWpw5uIpaslJfn8YZ+9DfViCRR5auAz5SdiYDY+tdLjwKS308S1um5i5G/CLjp1M3uXlvDieOopit9nYg==",
      "requires": {
        "ckeditor5": "38.1.1"
      }
    },
    "@ckeditor/ckeditor5-image": {
      "version": "38.1.1",
      "resolved": "https://registry.npmjs.org/@ckeditor/ckeditor5-image/-/ckeditor5-image-38.1.1.tgz",
      "integrity": "sha512-iXUlw38Eoo5zwj3h9eKULenEDPYoohPLT/74UDYw1V7Q3QY3dN4fCovcWwQx7VFPMPFUtd5T1S/ki/3UpLQhSA==",
      "requires": {
        "@ckeditor/ckeditor5-ui": "38.1.1",
        "ckeditor5": "38.1.1",
        "lodash-es": "^4.17.15"
      }
    },
    "@ckeditor/ckeditor5-indent": {
      "version": "38.1.1",
      "resolved": "https://registry.npmjs.org/@ckeditor/ckeditor5-indent/-/ckeditor5-indent-38.1.1.tgz",
      "integrity": "sha512-Wr0lAiTVGVAD4N/4zqFSGdO40uZEUdVaPFBNzRz2XeohLlMiu5poaWQkEmwtShyl8CFG5MYIayw0JBDw7uHPbA==",
      "requires": {
        "ckeditor5": "38.1.1"
      }
    },
    "@ckeditor/ckeditor5-link": {
      "version": "38.1.1",
      "resolved": "https://registry.npmjs.org/@ckeditor/ckeditor5-link/-/ckeditor5-link-38.1.1.tgz",
      "integrity": "sha512-CMIPPaUIOvVPW/gIEmcZ00bYbQyy3/YenxPrzmdMkYjDWoPqfhDnn4FTrgEBYyWRXTNXXrS7D08VGeGCDOyYPA==",
      "requires": {
        "@ckeditor/ckeditor5-ui": "38.1.1",
        "ckeditor5": "38.1.1",
        "lodash-es": "^4.17.15"
      }
    },
    "@ckeditor/ckeditor5-list": {
      "version": "38.1.1",
      "resolved": "https://registry.npmjs.org/@ckeditor/ckeditor5-list/-/ckeditor5-list-38.1.1.tgz",
      "integrity": "sha512-FzBdAZWaBXjUYmtd7fDzIJ4evXM6n1RbNYG7ICzoviarlKL99mv/wLEkEvNDH0japdu/G11JtV36tRtBCzwoDQ==",
      "requires": {
        "@ckeditor/ckeditor5-ui": "38.1.1",
        "ckeditor5": "38.1.1"
      }
    },
    "@ckeditor/ckeditor5-media-embed": {
      "version": "38.1.1",
      "resolved": "https://registry.npmjs.org/@ckeditor/ckeditor5-media-embed/-/ckeditor5-media-embed-38.1.1.tgz",
      "integrity": "sha512-jWZUsJNRwVBfeTroSHcssEijCmNLgs2pJwKzJTcltyJr44se2V2kTEieCT3r0qpQvbdyw90n+MfrrlWb+S1bnQ==",
      "requires": {
        "@ckeditor/ckeditor5-ui": "38.1.1",
        "ckeditor5": "38.1.1"
      }
    },
    "@ckeditor/ckeditor5-paragraph": {
      "version": "38.1.1",
      "resolved": "https://registry.npmjs.org/@ckeditor/ckeditor5-paragraph/-/ckeditor5-paragraph-38.1.1.tgz",
      "integrity": "sha512-IsiCDTMK5s9T1QWwiLW90VFKsNfsTUlYy8tnr/sH5t2QFP8LOkF2ZL2igb/BqyuROrGVvS8At+BTnlH3hqAW/Q==",
      "requires": {
        "@ckeditor/ckeditor5-core": "38.1.1",
        "@ckeditor/ckeditor5-ui": "38.1.1",
        "@ckeditor/ckeditor5-utils": "38.1.1"
      }
    },
    "@ckeditor/ckeditor5-paste-from-office": {
      "version": "38.1.1",
      "resolved": "https://registry.npmjs.org/@ckeditor/ckeditor5-paste-from-office/-/ckeditor5-paste-from-office-38.1.1.tgz",
      "integrity": "sha512-xCAw3HwxfFgsZPINf6jb29MObDN2wDzZFpiMkChdjzmHqaCugd2SAssZQo/flxdy5fkMXju8gCa0bfM2g1HTkQ==",
      "requires": {
        "ckeditor5": "38.1.1"
      }
    },
    "@ckeditor/ckeditor5-select-all": {
      "version": "38.1.1",
      "resolved": "https://registry.npmjs.org/@ckeditor/ckeditor5-select-all/-/ckeditor5-select-all-38.1.1.tgz",
      "integrity": "sha512-e/JUdGsBkf902rG0g+6ii/QhDP+LFV2W9bxhrGppLahzPX09NT5BCJh2/bTtUPw0cIRpk49ji7hNBzDjCKqctQ==",
      "requires": {
        "@ckeditor/ckeditor5-core": "38.1.1",
        "@ckeditor/ckeditor5-ui": "38.1.1",
        "@ckeditor/ckeditor5-utils": "38.1.1"
      }
    },
    "@ckeditor/ckeditor5-table": {
      "version": "38.1.1",
      "resolved": "https://registry.npmjs.org/@ckeditor/ckeditor5-table/-/ckeditor5-table-38.1.1.tgz",
      "integrity": "sha512-QOTc+Re3K5mY6GHC2vmglNb8k5D49cCjVlO2ORvr3Pk/Nepmk6asW3NoSfox8YJZSAfJyloD+t56FagZSokP+g==",
      "requires": {
        "ckeditor5": "38.1.1",
        "lodash-es": "^4.17.15"
      }
    },
    "@ckeditor/ckeditor5-typing": {
      "version": "38.1.1",
      "resolved": "https://registry.npmjs.org/@ckeditor/ckeditor5-typing/-/ckeditor5-typing-38.1.1.tgz",
      "integrity": "sha512-KU0wF1ueWFwK3BnkGB2v2vpjISgwmC0OxpPM0RLHCDG5iSvIkPbu1tUj9rbxRx45JM6xgpTP1C9kEFSm5w5MoQ==",
      "requires": {
        "@ckeditor/ckeditor5-core": "38.1.1",
        "@ckeditor/ckeditor5-engine": "38.1.1",
        "@ckeditor/ckeditor5-utils": "38.1.1",
        "lodash-es": "^4.17.15"
      }
    },
    "@ckeditor/ckeditor5-ui": {
      "version": "38.1.1",
      "resolved": "https://registry.npmjs.org/@ckeditor/ckeditor5-ui/-/ckeditor5-ui-38.1.1.tgz",
      "integrity": "sha512-lTqOaciupH66Zz7BSRGOm5DyjLURJwmFfZyCYCKD6+ZbTsxcP1asdiUm8y3bOx2maRCZTrHMhuAANp3qFWXoLQ==",
      "requires": {
        "@ckeditor/ckeditor5-core": "38.1.1",
        "@ckeditor/ckeditor5-utils": "38.1.1",
        "color-convert": "2.0.1",
        "color-parse": "1.4.2",
        "lodash-es": "^4.17.15",
        "vanilla-colorful": "0.7.2"
      }
    },
    "@ckeditor/ckeditor5-undo": {
      "version": "38.1.1",
      "resolved": "https://registry.npmjs.org/@ckeditor/ckeditor5-undo/-/ckeditor5-undo-38.1.1.tgz",
      "integrity": "sha512-21XCRb4XKYrK2bAkNTbOUb3Cmbu4FB11cqG3ncIg2rWSHSJJOijMdvZpZBvNpXVEsvJgA2Ol7bCiSXgdVUR/yQ==",
      "requires": {
        "@ckeditor/ckeditor5-core": "38.1.1",
        "@ckeditor/ckeditor5-engine": "38.1.1",
        "@ckeditor/ckeditor5-ui": "38.1.1"
      }
    },
    "@ckeditor/ckeditor5-upload": {
      "version": "38.1.1",
      "resolved": "https://registry.npmjs.org/@ckeditor/ckeditor5-upload/-/ckeditor5-upload-38.1.1.tgz",
      "integrity": "sha512-c7zau/N4cGJKpNPoRj0QEAQKOiIQzrSK2UCG0JsPtfF9jzTWa5fIJ/6hSHquwjtnhkB7zAL0PKXwcTNpdlyibA==",
      "requires": {
        "@ckeditor/ckeditor5-core": "38.1.1",
        "@ckeditor/ckeditor5-ui": "38.1.1",
        "@ckeditor/ckeditor5-utils": "38.1.1"
      }
    },
    "@ckeditor/ckeditor5-utils": {
      "version": "38.1.1",
      "resolved": "https://registry.npmjs.org/@ckeditor/ckeditor5-utils/-/ckeditor5-utils-38.1.1.tgz",
      "integrity": "sha512-+dSCchr8sseqWSfCuuOk5uajCo2Tr71IXmn3EGalEHE6Fc1GjWElO90GAA4Pbezrt1zG1tDqhh+bZHULAcK8wQ==",
      "requires": {
        "lodash-es": "^4.17.15"
      }
    },
    "@ckeditor/ckeditor5-watchdog": {
      "version": "38.1.1",
      "resolved": "https://registry.npmjs.org/@ckeditor/ckeditor5-watchdog/-/ckeditor5-watchdog-38.1.1.tgz",
      "integrity": "sha512-NijdWJsl+vnzdtyhI0u0Ln2TEVaSLa2VEHyB7J1r57cUN9Bq5tqRH4/BhvvqGKGc9lkpbvcSFduH2c6StHm0rw==",
      "requires": {
        "lodash-es": "^4.17.15"
      }
    },
    "@ckeditor/ckeditor5-widget": {
      "version": "38.1.1",
      "resolved": "https://registry.npmjs.org/@ckeditor/ckeditor5-widget/-/ckeditor5-widget-38.1.1.tgz",
      "integrity": "sha512-WAQhYBRfpu5jhV7Subc8pVkHYFCgXyJ65bQg5Jn8Em86lySejXQEi/GowjKwkwzlSrceqDrELEJV9jcCaUZlaA==",
      "requires": {
        "@ckeditor/ckeditor5-core": "38.1.1",
        "@ckeditor/ckeditor5-engine": "38.1.1",
        "@ckeditor/ckeditor5-enter": "38.1.1",
        "@ckeditor/ckeditor5-typing": "38.1.1",
        "@ckeditor/ckeditor5-ui": "38.1.1",
        "@ckeditor/ckeditor5-utils": "38.1.1",
        "lodash-es": "^4.17.15"
      }
    },
    "ckeditor5": {
      "version": "38.1.1",
      "resolved": "https://registry.npmjs.org/ckeditor5/-/ckeditor5-38.1.1.tgz",
      "integrity": "sha512-KE6H2WGLlhlI4F//AZn+fv52DhbwAeVv+ZeSIsa5gC81/3ZCzuYc3+IMur/70IBE9Gze8gKwFP9elh/TIaQ5Hw==",
      "requires": {
        "@ckeditor/ckeditor5-clipboard": "38.1.1",
        "@ckeditor/ckeditor5-core": "38.1.1",
        "@ckeditor/ckeditor5-engine": "38.1.1",
        "@ckeditor/ckeditor5-enter": "38.1.1",
        "@ckeditor/ckeditor5-paragraph": "38.1.1",
        "@ckeditor/ckeditor5-select-all": "38.1.1",
        "@ckeditor/ckeditor5-typing": "38.1.1",
        "@ckeditor/ckeditor5-ui": "38.1.1",
        "@ckeditor/ckeditor5-undo": "38.1.1",
        "@ckeditor/ckeditor5-upload": "38.1.1",
        "@ckeditor/ckeditor5-utils": "38.1.1",
        "@ckeditor/ckeditor5-watchdog": "38.1.1",
        "@ckeditor/ckeditor5-widget": "38.1.1"
      }
    },
    "color-convert": {
      "version": "2.0.1",
      "resolved": "https://registry.npmjs.org/color-convert/-/color-convert-2.0.1.tgz",
      "integrity": "sha512-RRECPsj7iu/xb5oKYcsFHSppFNnsj/52OVTRKb4zP5onXwVF3zVmmToNcOfGC+CRDpfK/U584fMg38ZHCaElKQ==",
      "requires": {
        "color-name": "~1.1.4"
      }
    },
    "color-name": {
      "version": "1.1.4",
      "resolved": "https://registry.npmjs.org/color-name/-/color-name-1.1.4.tgz",
      "integrity": "sha512-dOy+3AuW3a2wNbZHIuMZpTcgjGuLU/uBL/ubcZF9OXbDo8ff4O8yVp5Bf0efS8uEoYo5q4Fx7dY9OgQGXgAsQA=="
    },
    "color-parse": {
      "version": "1.4.2",
      "resolved": "https://registry.npmjs.org/color-parse/-/color-parse-1.4.2.tgz",
      "integrity": "sha512-RI7s49/8yqDj3fECFZjUI1Yi0z/Gq1py43oNJivAIIDSyJiOZLfYCRQEgn8HEVAj++PcRe8AnL2XF0fRJ3BTnA==",
      "requires": {
        "color-name": "^1.0.0"
      }
    },
    "lodash-es": {
      "version": "4.17.21",
      "resolved": "https://registry.npmjs.org/lodash-es/-/lodash-es-4.17.21.tgz",
      "integrity": "sha512-mKnC+QJ9pWVzv+C4/U3rRsHapFfHvQFoFB92e52xeyGMcX6/OlIl78je1u8vePzYZSkkogMPJ2yjxxsb89cxyw=="
    },
    "vanilla-colorful": {
      "version": "0.7.2",
      "resolved": "https://registry.npmjs.org/vanilla-colorful/-/vanilla-colorful-0.7.2.tgz",
      "integrity": "sha512-z2YZusTFC6KnLERx1cgoIRX2CjPRP0W75N+3CC6gbvdX5Ch47rZkEMGO2Xnf+IEmi3RiFLxS18gayMA27iU7Kg=="
    }
  }
}
